// !$*UTF8*$!
{
	archiveVersion = 1;
	classes = {
	};
	objectVersion = 51;
	objects = {

/* Begin PBXBuildFile section */
		192508ADAB4591C252521B8A /* Pods_Flix.framework in Frameworks */ = {isa = PBXBuildFile; fileRef = 1393C5E5C7FCAA936B428236 /* Pods_Flix.framework */; };
		2D1211D6331449B9E0EF0DE8 /* Pods_Flix_FlixUITests.framework in Frameworks */ = {isa = PBXBuildFile; fileRef = 085F16D299761EB986A72A57 /* Pods_Flix_FlixUITests.framework */; };
		339D27B125732CE5007C034B /* AppDelegate.swift in Sources */ = {isa = PBXBuildFile; fileRef = 339D27B025732CE5007C034B /* AppDelegate.swift */; };
		339D27B325732CE5007C034B /* SceneDelegate.swift in Sources */ = {isa = PBXBuildFile; fileRef = 339D27B225732CE5007C034B /* SceneDelegate.swift */; };
		339D27B525732CE5007C034B /* ViewController.swift in Sources */ = {isa = PBXBuildFile; fileRef = 339D27B425732CE5007C034B /* ViewController.swift */; };
		339D27B825732CE5007C034B /* Main.storyboard in Resources */ = {isa = PBXBuildFile; fileRef = 339D27B625732CE5007C034B /* Main.storyboard */; };
		339D27BA25732CED007C034B /* Assets.xcassets in Resources */ = {isa = PBXBuildFile; fileRef = 339D27B925732CED007C034B /* Assets.xcassets */; };
		339D27BD25732CED007C034B /* LaunchScreen.storyboard in Resources */ = {isa = PBXBuildFile; fileRef = 339D27BB25732CED007C034B /* LaunchScreen.storyboard */; };
		339D27C825732CEE007C034B /* FlixTests.swift in Sources */ = {isa = PBXBuildFile; fileRef = 339D27C725732CEE007C034B /* FlixTests.swift */; };
		339D27D325732CEE007C034B /* FlixUITests.swift in Sources */ = {isa = PBXBuildFile; fileRef = 339D27D225732CEE007C034B /* FlixUITests.swift */; };
		33E8F04F25749F3300A4F843 /* MovieGridViewController.swift in Sources */ = {isa = PBXBuildFile; fileRef = 33E8F04E25749F3300A4F843 /* MovieGridViewController.swift */; };
		33E8F0572574A27500A4F843 /* MovieCell.swift in Sources */ = {isa = PBXBuildFile; fileRef = 33E8F0562574A27500A4F843 /* MovieCell.swift */; };
		33E8F0672574AAC900A4F843 /* MovieDetailsViewController.swift in Sources */ = {isa = PBXBuildFile; fileRef = 33E8F0662574AAC900A4F843 /* MovieDetailsViewController.swift */; };
		40DEA90BB06D3BD72EF4F47B /* Pods_FlixTests.framework in Frameworks */ = {isa = PBXBuildFile; fileRef = 07D58513E0056BDA99070EEC /* Pods_FlixTests.framework */; };
/* End PBXBuildFile section */

/* Begin PBXContainerItemProxy section */
		339D27C425732CEE007C034B /* PBXContainerItemProxy */ = {
			isa = PBXContainerItemProxy;
			containerPortal = 339D27A525732CE5007C034B /* Project object */;
			proxyType = 1;
			remoteGlobalIDString = 339D27AC25732CE5007C034B;
			remoteInfo = Flix;
		};
		339D27CF25732CEE007C034B /* PBXContainerItemProxy */ = {
			isa = PBXContainerItemProxy;
			containerPortal = 339D27A525732CE5007C034B /* Project object */;
			proxyType = 1;
			remoteGlobalIDString = 339D27AC25732CE5007C034B;
			remoteInfo = Flix;
		};
/* End PBXContainerItemProxy section */

/* Begin PBXFileReference section */
		027164EBC1F9B55599A42FEB /* Pods-Flix-FlixUITests.release.xcconfig */ = {isa = PBXFileReference; includeInIndex = 1; lastKnownFileType = text.xcconfig; name = "Pods-Flix-FlixUITests.release.xcconfig"; path = "Target Support Files/Pods-Flix-FlixUITests/Pods-Flix-FlixUITests.release.xcconfig"; sourceTree = "<group>"; };
		07D58513E0056BDA99070EEC /* Pods_FlixTests.framework */ = {isa = PBXFileReference; explicitFileType = wrapper.framework; includeInIndex = 0; path = Pods_FlixTests.framework; sourceTree = BUILT_PRODUCTS_DIR; };
		085F16D299761EB986A72A57 /* Pods_Flix_FlixUITests.framework */ = {isa = PBXFileReference; explicitFileType = wrapper.framework; includeInIndex = 0; path = Pods_Flix_FlixUITests.framework; sourceTree = BUILT_PRODUCTS_DIR; };
		1393C5E5C7FCAA936B428236 /* Pods_Flix.framework */ = {isa = PBXFileReference; explicitFileType = wrapper.framework; includeInIndex = 0; path = Pods_Flix.framework; sourceTree = BUILT_PRODUCTS_DIR; };
		339D27AD25732CE5007C034B /* Flix.app */ = {isa = PBXFileReference; explicitFileType = wrapper.application; includeInIndex = 0; path = Flix.app; sourceTree = BUILT_PRODUCTS_DIR; };
		339D27B025732CE5007C034B /* AppDelegate.swift */ = {isa = PBXFileReference; lastKnownFileType = sourcecode.swift; path = AppDelegate.swift; sourceTree = "<group>"; };
		339D27B225732CE5007C034B /* SceneDelegate.swift */ = {isa = PBXFileReference; lastKnownFileType = sourcecode.swift; path = SceneDelegate.swift; sourceTree = "<group>"; };
		339D27B425732CE5007C034B /* ViewController.swift */ = {isa = PBXFileReference; lastKnownFileType = sourcecode.swift; path = ViewController.swift; sourceTree = "<group>"; };
		339D27B725732CE5007C034B /* Base */ = {isa = PBXFileReference; lastKnownFileType = file.storyboard; name = Base; path = Base.lproj/Main.storyboard; sourceTree = "<group>"; };
		339D27B925732CED007C034B /* Assets.xcassets */ = {isa = PBXFileReference; lastKnownFileType = folder.assetcatalog; path = Assets.xcassets; sourceTree = "<group>"; };
		339D27BC25732CED007C034B /* Base */ = {isa = PBXFileReference; lastKnownFileType = file.storyboard; name = Base; path = Base.lproj/LaunchScreen.storyboard; sourceTree = "<group>"; };
		339D27BE25732CED007C034B /* Info.plist */ = {isa = PBXFileReference; lastKnownFileType = text.plist.xml; path = Info.plist; sourceTree = "<group>"; };
		339D27C325732CEE007C034B /* FlixTests.xctest */ = {isa = PBXFileReference; explicitFileType = wrapper.cfbundle; includeInIndex = 0; path = FlixTests.xctest; sourceTree = BUILT_PRODUCTS_DIR; };
		339D27C725732CEE007C034B /* FlixTests.swift */ = {isa = PBXFileReference; lastKnownFileType = sourcecode.swift; path = FlixTests.swift; sourceTree = "<group>"; };
		339D27C925732CEE007C034B /* Info.plist */ = {isa = PBXFileReference; lastKnownFileType = text.plist.xml; path = Info.plist; sourceTree = "<group>"; };
		339D27CE25732CEE007C034B /* FlixUITests.xctest */ = {isa = PBXFileReference; explicitFileType = wrapper.cfbundle; includeInIndex = 0; path = FlixUITests.xctest; sourceTree = BUILT_PRODUCTS_DIR; };
		339D27D225732CEE007C034B /* FlixUITests.swift */ = {isa = PBXFileReference; lastKnownFileType = sourcecode.swift; path = FlixUITests.swift; sourceTree = "<group>"; };
		339D27D425732CEE007C034B /* Info.plist */ = {isa = PBXFileReference; lastKnownFileType = text.plist.xml; path = Info.plist; sourceTree = "<group>"; };
		33E8F04E25749F3300A4F843 /* MovieGridViewController.swift */ = {isa = PBXFileReference; lastKnownFileType = sourcecode.swift; path = MovieGridViewController.swift; sourceTree = "<group>"; };
		33E8F0562574A27500A4F843 /* MovieCell.swift */ = {isa = PBXFileReference; lastKnownFileType = sourcecode.swift; path = MovieCell.swift; sourceTree = "<group>"; };
		33E8F0662574AAC900A4F843 /* MovieDetailsViewController.swift */ = {isa = PBXFileReference; lastKnownFileType = sourcecode.swift; path = MovieDetailsViewController.swift; sourceTree = "<group>"; };
		513F13F93008FAE1854DCEF4 /* Pods-FlixTests.debug.xcconfig */ = {isa = PBXFileReference; includeInIndex = 1; lastKnownFileType = text.xcconfig; name = "Pods-FlixTests.debug.xcconfig"; path = "Target Support Files/Pods-FlixTests/Pods-FlixTests.debug.xcconfig"; sourceTree = "<group>"; };
		7B835DA04A12C40BFFC9ECBD /* Pods-Flix.release.xcconfig */ = {isa = PBXFileReference; includeInIndex = 1; lastKnownFileType = text.xcconfig; name = "Pods-Flix.release.xcconfig"; path = "Target Support Files/Pods-Flix/Pods-Flix.release.xcconfig"; sourceTree = "<group>"; };
		B00F13E6E587EB8B694B4F84 /* Pods-Flix-FlixUITests.debug.xcconfig */ = {isa = PBXFileReference; includeInIndex = 1; lastKnownFileType = text.xcconfig; name = "Pods-Flix-FlixUITests.debug.xcconfig"; path = "Target Support Files/Pods-Flix-FlixUITests/Pods-Flix-FlixUITests.debug.xcconfig"; sourceTree = "<group>"; };
		B25E99F40D9E8808BA9BD4BE /* Pods-FlixTests.release.xcconfig */ = {isa = PBXFileReference; includeInIndex = 1; lastKnownFileType = text.xcconfig; name = "Pods-FlixTests.release.xcconfig"; path = "Target Support Files/Pods-FlixTests/Pods-FlixTests.release.xcconfig"; sourceTree = "<group>"; };
		EE310C8854806DE97D70FAA5 /* Pods-Flix.debug.xcconfig */ = {isa = PBXFileReference; includeInIndex = 1; lastKnownFileType = text.xcconfig; name = "Pods-Flix.debug.xcconfig"; path = "Target Support Files/Pods-Flix/Pods-Flix.debug.xcconfig"; sourceTree = "<group>"; };
/* End PBXFileReference section */

/* Begin PBXFrameworksBuildPhase section */
		339D27AA25732CE5007C034B /* Frameworks */ = {
			isa = PBXFrameworksBuildPhase;
			buildActionMask = 2147483647;
			files = (
				192508ADAB4591C252521B8A /* Pods_Flix.framework in Frameworks */,
			);
			runOnlyForDeploymentPostprocessing = 0;
		};
		339D27C025732CEE007C034B /* Frameworks */ = {
			isa = PBXFrameworksBuildPhase;
			buildActionMask = 2147483647;
			files = (
				40DEA90BB06D3BD72EF4F47B /* Pods_FlixTests.framework in Frameworks */,
			);
			runOnlyForDeploymentPostprocessing = 0;
		};
		339D27CB25732CEE007C034B /* Frameworks */ = {
			isa = PBXFrameworksBuildPhase;
			buildActionMask = 2147483647;
			files = (
				2D1211D6331449B9E0EF0DE8 /* Pods_Flix_FlixUITests.framework in Frameworks */,
			);
			runOnlyForDeploymentPostprocessing = 0;
		};
/* End PBXFrameworksBuildPhase section */

/* Begin PBXGroup section */
		339D27A425732CE5007C034B = {
			isa = PBXGroup;
			children = (
				339D27AF25732CE5007C034B /* Flix */,
				339D27C625732CEE007C034B /* FlixTests */,
				339D27D125732CEE007C034B /* FlixUITests */,
				339D27AE25732CE5007C034B /* Products */,
				D19A90CD4CB126B848B49503 /* Pods */,
				BDADD61D334E53FD07EA238A /* Frameworks */,
			);
			sourceTree = "<group>";
		};
		339D27AE25732CE5007C034B /* Products */ = {
			isa = PBXGroup;
			children = (
				339D27AD25732CE5007C034B /* Flix.app */,
				339D27C325732CEE007C034B /* FlixTests.xctest */,
				339D27CE25732CEE007C034B /* FlixUITests.xctest */,
			);
			name = Products;
			sourceTree = "<group>";
		};
		339D27AF25732CE5007C034B /* Flix */ = {
			isa = PBXGroup;
			children = (
				339D27B025732CE5007C034B /* AppDelegate.swift */,
				339D27B225732CE5007C034B /* SceneDelegate.swift */,
				339D27B625732CE5007C034B /* Main.storyboard */,
				339D27B925732CED007C034B /* Assets.xcassets */,
				339D27BB25732CED007C034B /* LaunchScreen.storyboard */,
				339D27BE25732CED007C034B /* Info.plist */,
				339D27B425732CE5007C034B /* ViewController.swift */,
				33E8F04E25749F3300A4F843 /* MovieGridViewController.swift */,
				33E8F0662574AAC900A4F843 /* MovieDetailsViewController.swift */,
				33E8F0562574A27500A4F843 /* MovieCell.swift */,
			);
			path = Flix;
			sourceTree = "<group>";
		};
		339D27C625732CEE007C034B /* FlixTests */ = {
			isa = PBXGroup;
			children = (
				339D27C725732CEE007C034B /* FlixTests.swift */,
				339D27C925732CEE007C034B /* Info.plist */,
			);
			path = FlixTests;
			sourceTree = "<group>";
		};
		339D27D125732CEE007C034B /* FlixUITests */ = {
			isa = PBXGroup;
			children = (
				339D27D225732CEE007C034B /* FlixUITests.swift */,
				339D27D425732CEE007C034B /* Info.plist */,
			);
			path = FlixUITests;
			sourceTree = "<group>";
		};
		BDADD61D334E53FD07EA238A /* Frameworks */ = {
			isa = PBXGroup;
			children = (
				1393C5E5C7FCAA936B428236 /* Pods_Flix.framework */,
				085F16D299761EB986A72A57 /* Pods_Flix_FlixUITests.framework */,
				07D58513E0056BDA99070EEC /* Pods_FlixTests.framework */,
			);
			name = Frameworks;
			sourceTree = "<group>";
		};
		D19A90CD4CB126B848B49503 /* Pods */ = {
			isa = PBXGroup;
			children = (
				EE310C8854806DE97D70FAA5 /* Pods-Flix.debug.xcconfig */,
				7B835DA04A12C40BFFC9ECBD /* Pods-Flix.release.xcconfig */,
				B00F13E6E587EB8B694B4F84 /* Pods-Flix-FlixUITests.debug.xcconfig */,
				027164EBC1F9B55599A42FEB /* Pods-Flix-FlixUITests.release.xcconfig */,
				513F13F93008FAE1854DCEF4 /* Pods-FlixTests.debug.xcconfig */,
				B25E99F40D9E8808BA9BD4BE /* Pods-FlixTests.release.xcconfig */,
			);
			path = Pods;
			sourceTree = "<group>";
		};
/* End PBXGroup section */

/* Begin PBXNativeTarget section */
		339D27AC25732CE5007C034B /* Flix */ = {
			isa = PBXNativeTarget;
			buildConfigurationList = 339D27D725732CEE007C034B /* Build configuration list for PBXNativeTarget "Flix" */;
			buildPhases = (
				18A748552D3DAD307E174788 /* [CP] Check Pods Manifest.lock */,
				339D27A925732CE5007C034B /* Sources */,
				339D27AA25732CE5007C034B /* Frameworks */,
				339D27AB25732CE5007C034B /* Resources */,
				253CD443E9231C25C9BC3937 /* [CP] Embed Pods Frameworks */,
			);
			buildRules = (
			);
			dependencies = (
			);
			name = Flix;
			productName = Flix;
			productReference = 339D27AD25732CE5007C034B /* Flix.app */;
			productType = "com.apple.product-type.application";
		};
		339D27C225732CEE007C034B /* FlixTests */ = {
			isa = PBXNativeTarget;
			buildConfigurationList = 339D27DA25732CEE007C034B /* Build configuration list for PBXNativeTarget "FlixTests" */;
			buildPhases = (
				7EA7F2098F80F38C3CE0CF27 /* [CP] Check Pods Manifest.lock */,
				339D27BF25732CEE007C034B /* Sources */,
				339D27C025732CEE007C034B /* Frameworks */,
				339D27C125732CEE007C034B /* Resources */,
			);
			buildRules = (
			);
			dependencies = (
				339D27C525732CEE007C034B /* PBXTargetDependency */,
			);
			name = FlixTests;
			productName = FlixTests;
			productReference = 339D27C325732CEE007C034B /* FlixTests.xctest */;
			productType = "com.apple.product-type.bundle.unit-test";
		};
		339D27CD25732CEE007C034B /* FlixUITests */ = {
			isa = PBXNativeTarget;
			buildConfigurationList = 339D27DD25732CEE007C034B /* Build configuration list for PBXNativeTarget "FlixUITests" */;
			buildPhases = (
				15F373DBA9827D109BCAD3B2 /* [CP] Check Pods Manifest.lock */,
				339D27CA25732CEE007C034B /* Sources */,
				339D27CB25732CEE007C034B /* Frameworks */,
				339D27CC25732CEE007C034B /* Resources */,
				C14AE8C0E8AFB63BD731DCA8 /* [CP] Embed Pods Frameworks */,
			);
			buildRules = (
			);
			dependencies = (
				339D27D025732CEE007C034B /* PBXTargetDependency */,
			);
			name = FlixUITests;
			productName = FlixUITests;
			productReference = 339D27CE25732CEE007C034B /* FlixUITests.xctest */;
			productType = "com.apple.product-type.bundle.ui-testing";
		};
/* End PBXNativeTarget section */

/* Begin PBXProject section */
		339D27A525732CE5007C034B /* Project object */ = {
			isa = PBXProject;
			attributes = {
				LastSwiftUpdateCheck = 1220;
				LastUpgradeCheck = 1220;
				TargetAttributes = {
					339D27AC25732CE5007C034B = {
						CreatedOnToolsVersion = 12.2;
					};
					339D27C225732CEE007C034B = {
						CreatedOnToolsVersion = 12.2;
						TestTargetID = 339D27AC25732CE5007C034B;
					};
					339D27CD25732CEE007C034B = {
						CreatedOnToolsVersion = 12.2;
						TestTargetID = 339D27AC25732CE5007C034B;
					};
				};
			};
			buildConfigurationList = 339D27A825732CE5007C034B /* Build configuration list for PBXProject "Flix" */;
			compatibilityVersion = "Xcode 9.3";
			developmentRegion = en;
			hasScannedForEncodings = 0;
			knownRegions = (
				en,
				Base,
			);
			mainGroup = 339D27A425732CE5007C034B;
			productRefGroup = 339D27AE25732CE5007C034B /* Products */;
			projectDirPath = "";
			projectRoot = "";
			targets = (
				339D27AC25732CE5007C034B /* Flix */,
				339D27C225732CEE007C034B /* FlixTests */,
				339D27CD25732CEE007C034B /* FlixUITests */,
			);
		};
/* End PBXProject section */

/* Begin PBXResourcesBuildPhase section */
		339D27AB25732CE5007C034B /* Resources */ = {
			isa = PBXResourcesBuildPhase;
			buildActionMask = 2147483647;
			files = (
				339D27BD25732CED007C034B /* LaunchScreen.storyboard in Resources */,
				339D27BA25732CED007C034B /* Assets.xcassets in Resources */,
				339D27B825732CE5007C034B /* Main.storyboard in Resources */,
			);
			runOnlyForDeploymentPostprocessing = 0;
		};
		339D27C125732CEE007C034B /* Resources */ = {
			isa = PBXResourcesBuildPhase;
			buildActionMask = 2147483647;
			files = (
			);
			runOnlyForDeploymentPostprocessing = 0;
		};
		339D27CC25732CEE007C034B /* Resources */ = {
			isa = PBXResourcesBuildPhase;
			buildActionMask = 2147483647;
			files = (
			);
			runOnlyForDeploymentPostprocessing = 0;
		};
/* End PBXResourcesBuildPhase section */

/* Begin PBXShellScriptBuildPhase section */
		15F373DBA9827D109BCAD3B2 /* [CP] Check Pods Manifest.lock */ = {
			isa = PBXShellScriptBuildPhase;
			buildActionMask = 2147483647;
			files = (
			);
			inputFileListPaths = (
			);
			inputPaths = (
				"${PODS_PODFILE_DIR_PATH}/Podfile.lock",
				"${PODS_ROOT}/Manifest.lock",
			);
			name = "[CP] Check Pods Manifest.lock";
			outputFileListPaths = (
			);
			outputPaths = (
				"$(DERIVED_FILE_DIR)/Pods-Flix-FlixUITests-checkManifestLockResult.txt",
			);
			runOnlyForDeploymentPostprocessing = 0;
			shellPath = /bin/sh;
			shellScript = "diff \"${PODS_PODFILE_DIR_PATH}/Podfile.lock\" \"${PODS_ROOT}/Manifest.lock\" > /dev/null\nif [ $? != 0 ] ; then\n    # print error to STDERR\n    echo \"error: The sandbox is not in sync with the Podfile.lock. Run 'pod install' or update your CocoaPods installation.\" >&2\n    exit 1\nfi\n# This output is used by Xcode 'outputs' to avoid re-running this script phase.\necho \"SUCCESS\" > \"${SCRIPT_OUTPUT_FILE_0}\"\n";
			showEnvVarsInLog = 0;
		};
		18A748552D3DAD307E174788 /* [CP] Check Pods Manifest.lock */ = {
			isa = PBXShellScriptBuildPhase;
			buildActionMask = 2147483647;
			files = (
			);
			inputFileListPaths = (
			);
			inputPaths = (
				"${PODS_PODFILE_DIR_PATH}/Podfile.lock",
				"${PODS_ROOT}/Manifest.lock",
			);
			name = "[CP] Check Pods Manifest.lock";
			outputFileListPaths = (
			);
			outputPaths = (
				"$(DERIVED_FILE_DIR)/Pods-Flix-checkManifestLockResult.txt",
			);
			runOnlyForDeploymentPostprocessing = 0;
			shellPath = /bin/sh;
			shellScript = "diff \"${PODS_PODFILE_DIR_PATH}/Podfile.lock\" \"${PODS_ROOT}/Manifest.lock\" > /dev/null\nif [ $? != 0 ] ; then\n    # print error to STDERR\n    echo \"error: The sandbox is not in sync with the Podfile.lock. Run 'pod install' or update your CocoaPods installation.\" >&2\n    exit 1\nfi\n# This output is used by Xcode 'outputs' to avoid re-running this script phase.\necho \"SUCCESS\" > \"${SCRIPT_OUTPUT_FILE_0}\"\n";
			showEnvVarsInLog = 0;
		};
		253CD443E9231C25C9BC3937 /* [CP] Embed Pods Frameworks */ = {
			isa = PBXShellScriptBuildPhase;
			buildActionMask = 2147483647;
			files = (
			);
			inputFileListPaths = (
				"${PODS_ROOT}/Target Support Files/Pods-Flix/Pods-Flix-frameworks-${CONFIGURATION}-input-files.xcfilelist",
			);
			name = "[CP] Embed Pods Frameworks";
			outputFileListPaths = (
				"${PODS_ROOT}/Target Support Files/Pods-Flix/Pods-Flix-frameworks-${CONFIGURATION}-output-files.xcfilelist",
			);
			runOnlyForDeploymentPostprocessing = 0;
			shellPath = /bin/sh;
			shellScript = "\"${PODS_ROOT}/Target Support Files/Pods-Flix/Pods-Flix-frameworks.sh\"\n";
			showEnvVarsInLog = 0;
		};
		7EA7F2098F80F38C3CE0CF27 /* [CP] Check Pods Manifest.lock */ = {
			isa = PBXShellScriptBuildPhase;
			buildActionMask = 2147483647;
			files = (
			);
			inputFileListPaths = (
			);
			inputPaths = (
				"${PODS_PODFILE_DIR_PATH}/Podfile.lock",
				"${PODS_ROOT}/Manifest.lock",
			);
			name = "[CP] Check Pods Manifest.lock";
			outputFileListPaths = (
			);
			outputPaths = (
				"$(DERIVED_FILE_DIR)/Pods-FlixTests-checkManifestLockResult.txt",
			);
			runOnlyForDeploymentPostprocessing = 0;
			shellPath = /bin/sh;
			shellScript = "diff \"${PODS_PODFILE_DIR_PATH}/Podfile.lock\" \"${PODS_ROOT}/Manifest.lock\" > /dev/null\nif [ $? != 0 ] ; then\n    # print error to STDERR\n    echo \"error: The sandbox is not in sync with the Podfile.lock. Run 'pod install' or update your CocoaPods installation.\" >&2\n    exit 1\nfi\n# This output is used by Xcode 'outputs' to avoid re-running this script phase.\necho \"SUCCESS\" > \"${SCRIPT_OUTPUT_FILE_0}\"\n";
			showEnvVarsInLog = 0;
		};
		C14AE8C0E8AFB63BD731DCA8 /* [CP] Embed Pods Frameworks */ = {
			isa = PBXShellScriptBuildPhase;
			buildActionMask = 2147483647;
			files = (
			);
			inputFileListPaths = (
				"${PODS_ROOT}/Target Support Files/Pods-Flix-FlixUITests/Pods-Flix-FlixUITests-frameworks-${CONFIGURATION}-input-files.xcfilelist",
			);
			name = "[CP] Embed Pods Frameworks";
			outputFileListPaths = (
				"${PODS_ROOT}/Target Support Files/Pods-Flix-FlixUITests/Pods-Flix-FlixUITests-frameworks-${CONFIGURATION}-output-files.xcfilelist",
			);
			runOnlyForDeploymentPostprocessing = 0;
			shellPath = /bin/sh;
			shellScript = "\"${PODS_ROOT}/Target Support Files/Pods-Flix-FlixUITests/Pods-Flix-FlixUITests-frameworks.sh\"\n";
			showEnvVarsInLog = 0;
		};
/* End PBXShellScriptBuildPhase section */

/* Begin PBXSourcesBuildPhase section */
		339D27A925732CE5007C034B /* Sources */ = {
			isa = PBXSourcesBuildPhase;
			buildActionMask = 2147483647;
			files = (
				339D27B525732CE5007C034B /* ViewController.swift in Sources */,
				33E8F04F25749F3300A4F843 /* MovieGridViewController.swift in Sources */,
				33E8F0672574AAC900A4F843 /* MovieDetailsViewController.swift in Sources */,
				339D27B125732CE5007C034B /* AppDelegate.swift in Sources */,
				33E8F0572574A27500A4F843 /* MovieCell.swift in Sources */,
				339D27B325732CE5007C034B /* SceneDelegate.swift in Sources */,
			);
			runOnlyForDeploymentPostprocessing = 0;
		};
		339D27BF25732CEE007C034B /* Sources */ = {
			isa = PBXSourcesBuildPhase;
			buildActionMask = 2147483647;
			files = (
				339D27C825732CEE007C034B /* FlixTests.swift in Sources */,
			);
			runOnlyForDeploymentPostprocessing = 0;
		};
		339D27CA25732CEE007C034B /* Sources */ = {
			isa = PBXSourcesBuildPhase;
			buildActionMask = 2147483647;
			files = (
				339D27D325732CEE007C034B /* FlixUITests.swift in Sources */,
			);
			runOnlyForDeploymentPostprocessing = 0;
		};
/* End PBXSourcesBuildPhase section */

/* Begin PBXTargetDependency section */
		339D27C525732CEE007C034B /* PBXTargetDependency */ = {
			isa = PBXTargetDependency;
			target = 339D27AC25732CE5007C034B /* Flix */;
			targetProxy = 339D27C425732CEE007C034B /* PBXContainerItemProxy */;
		};
		339D27D025732CEE007C034B /* PBXTargetDependency */ = {
			isa = PBXTargetDependency;
			target = 339D27AC25732CE5007C034B /* Flix */;
			targetProxy = 339D27CF25732CEE007C034B /* PBXContainerItemProxy */;
		};
/* End PBXTargetDependency section */

/* Begin PBXVariantGroup section */
		339D27B625732CE5007C034B /* Main.storyboard */ = {
			isa = PBXVariantGroup;
			children = (
				339D27B725732CE5007C034B /* Base */,
			);
			name = Main.storyboard;
			sourceTree = "<group>";
		};
		339D27BB25732CED007C034B /* LaunchScreen.storyboard */ = {
			isa = PBXVariantGroup;
			children = (
				339D27BC25732CED007C034B /* Base */,
			);
			name = LaunchScreen.storyboard;
			sourceTree = "<group>";
		};
/* End PBXVariantGroup section */

/* Begin XCBuildConfiguration section */
		339D27D525732CEE007C034B /* Debug */ = {
			isa = XCBuildConfiguration;
			buildSettings = {
				ALWAYS_SEARCH_USER_PATHS = NO;
				CLANG_ANALYZER_NONNULL = YES;
				CLANG_ANALYZER_NUMBER_OBJECT_CONVERSION = YES_AGGRESSIVE;
				CLANG_CXX_LANGUAGE_STANDARD = "gnu++14";
				CLANG_CXX_LIBRARY = "libc++";
				CLANG_ENABLE_MODULES = YES;
				CLANG_ENABLE_OBJC_ARC = YES;
				CLANG_ENABLE_OBJC_WEAK = YES;
				CLANG_WARN_BLOCK_CAPTURE_AUTORELEASING = YES;
				CLANG_WARN_BOOL_CONVERSION = YES;
				CLANG_WARN_COMMA = YES;
				CLANG_WARN_CONSTANT_CONVERSION = YES;
				CLANG_WARN_DEPRECATED_OBJC_IMPLEMENTATIONS = YES;
				CLANG_WARN_DIRECT_OBJC_ISA_USAGE = YES_ERROR;
				CLANG_WARN_DOCUMENTATION_COMMENTS = YES;
				CLANG_WARN_EMPTY_BODY = YES;
				CLANG_WARN_ENUM_CONVERSION = YES;
				CLANG_WARN_INFINITE_RECURSION = YES;
				CLANG_WARN_INT_CONVERSION = YES;
				CLANG_WARN_NON_LITERAL_NULL_CONVERSION = YES;
				CLANG_WARN_OBJC_IMPLICIT_RETAIN_SELF = YES;
				CLANG_WARN_OBJC_LITERAL_CONVERSION = YES;
				CLANG_WARN_OBJC_ROOT_CLASS = YES_ERROR;
				CLANG_WARN_QUOTED_INCLUDE_IN_FRAMEWORK_HEADER = YES;
				CLANG_WARN_RANGE_LOOP_ANALYSIS = YES;
				CLANG_WARN_STRICT_PROTOTYPES = YES;
				CLANG_WARN_SUSPICIOUS_MOVE = YES;
				CLANG_WARN_UNGUARDED_AVAILABILITY = YES_AGGRESSIVE;
				CLANG_WARN_UNREACHABLE_CODE = YES;
				CLANG_WARN__DUPLICATE_METHOD_MATCH = YES;
				COPY_PHASE_STRIP = NO;
				DEBUG_INFORMATION_FORMAT = dwarf;
				ENABLE_STRICT_OBJC_MSGSEND = YES;
				ENABLE_TESTABILITY = YES;
				GCC_C_LANGUAGE_STANDARD = gnu11;
				GCC_DYNAMIC_NO_PIC = NO;
				GCC_NO_COMMON_BLOCKS = YES;
				GCC_OPTIMIZATION_LEVEL = 0;
				GCC_PREPROCESSOR_DEFINITIONS = (
					"DEBUG=1",
					"$(inherited)",
				);
				GCC_WARN_64_TO_32_BIT_CONVERSION = YES;
				GCC_WARN_ABOUT_RETURN_TYPE = YES_ERROR;
				GCC_WARN_UNDECLARED_SELECTOR = YES;
				GCC_WARN_UNINITIALIZED_AUTOS = YES_AGGRESSIVE;
				GCC_WARN_UNUSED_FUNCTION = YES;
				GCC_WARN_UNUSED_VARIABLE = YES;
				IPHONEOS_DEPLOYMENT_TARGET = 14.2;
				MTL_ENABLE_DEBUG_INFO = INCLUDE_SOURCE;
				MTL_FAST_MATH = YES;
				ONLY_ACTIVE_ARCH = YES;
				SDKROOT = iphoneos;
				SWIFT_ACTIVE_COMPILATION_CONDITIONS = DEBUG;
				SWIFT_OPTIMIZATION_LEVEL = "-Onone";
			};
			name = Debug;
		};
		339D27D625732CEE007C034B /* Release */ = {
			isa = XCBuildConfiguration;
			buildSettings = {
				ALWAYS_SEARCH_USER_PATHS = NO;
				CLANG_ANALYZER_NONNULL = YES;
				CLANG_ANALYZER_NUMBER_OBJECT_CONVERSION = YES_AGGRESSIVE;
				CLANG_CXX_LANGUAGE_STANDARD = "gnu++14";
				CLANG_CXX_LIBRARY = "libc++";
				CLANG_ENABLE_MODULES = YES;
				CLANG_ENABLE_OBJC_ARC = YES;
				CLANG_ENABLE_OBJC_WEAK = YES;
				CLANG_WARN_BLOCK_CAPTURE_AUTORELEASING = YES;
				CLANG_WARN_BOOL_CONVERSION = YES;
				CLANG_WARN_COMMA = YES;
				CLANG_WARN_CONSTANT_CONVERSION = YES;
				CLANG_WARN_DEPRECATED_OBJC_IMPLEMENTATIONS = YES;
				CLANG_WARN_DIRECT_OBJC_ISA_USAGE = YES_ERROR;
				CLANG_WARN_DOCUMENTATION_COMMENTS = YES;
				CLANG_WARN_EMPTY_BODY = YES;
				CLANG_WARN_ENUM_CONVERSION = YES;
				CLANG_WARN_INFINITE_RECURSION = YES;
				CLANG_WARN_INT_CONVERSION = YES;
				CLANG_WARN_NON_LITERAL_NULL_CONVERSION = YES;
				CLANG_WARN_OBJC_IMPLICIT_RETAIN_SELF = YES;
				CLANG_WARN_OBJC_LITERAL_CONVERSION = YES;
				CLANG_WARN_OBJC_ROOT_CLASS = YES_ERROR;
				CLANG_WARN_QUOTED_INCLUDE_IN_FRAMEWORK_HEADER = YES;
				CLANG_WARN_RANGE_LOOP_ANALYSIS = YES;
				CLANG_WARN_STRICT_PROTOTYPES = YES;
				CLANG_WARN_SUSPICIOUS_MOVE = YES;
				CLANG_WARN_UNGUARDED_AVAILABILITY = YES_AGGRESSIVE;
				CLANG_WARN_UNREACHABLE_CODE = YES;
				CLANG_WARN__DUPLICATE_METHOD_MATCH = YES;
				COPY_PHASE_STRIP = NO;
				DEBUG_INFORMATION_FORMAT = "dwarf-with-dsym";
				ENABLE_NS_ASSERTIONS = NO;
				ENABLE_STRICT_OBJC_MSGSEND = YES;
				GCC_C_LANGUAGE_STANDARD = gnu11;
				GCC_NO_COMMON_BLOCKS = YES;
				GCC_WARN_64_TO_32_BIT_CONVERSION = YES;
				GCC_WARN_ABOUT_RETURN_TYPE = YES_ERROR;
				GCC_WARN_UNDECLARED_SELECTOR = YES;
				GCC_WARN_UNINITIALIZED_AUTOS = YES_AGGRESSIVE;
				GCC_WARN_UNUSED_FUNCTION = YES;
				GCC_WARN_UNUSED_VARIABLE = YES;
				IPHONEOS_DEPLOYMENT_TARGET = 14.2;
				MTL_ENABLE_DEBUG_INFO = NO;
				MTL_FAST_MATH = YES;
				SDKROOT = iphoneos;
				SWIFT_COMPILATION_MODE = wholemodule;
				SWIFT_OPTIMIZATION_LEVEL = "-O";
				VALIDATE_PRODUCT = YES;
			};
			name = Release;
		};
		339D27D825732CEE007C034B /* Debug */ = {
			isa = XCBuildConfiguration;
			baseConfigurationReference = EE310C8854806DE97D70FAA5 /* Pods-Flix.debug.xcconfig */;
			buildSettings = {
				ASSETCATALOG_COMPILER_APPICON_NAME = AppIcon;
				ASSETCATALOG_COMPILER_GLOBAL_ACCENT_COLOR_NAME = AccentColor;
				CODE_SIGN_STYLE = Automatic;
				DEVELOPMENT_TEAM = DLW9U63M3Y;
				INFOPLIST_FILE = Flix/Info.plist;
				LD_RUNPATH_SEARCH_PATHS = (
					"$(inherited)",
					"@executable_path/Frameworks",
				);
				PRODUCT_BUNDLE_IDENTIFIER = com.samuelsandoval.Flix;
				PRODUCT_NAME = "$(TARGET_NAME)";
				SWIFT_VERSION = 5.0;
				TARGETED_DEVICE_FAMILY = "1,2";
			};
			name = Debug;
		};
		339D27D925732CEE007C034B /* Release */ = {
			isa = XCBuildConfiguration;
			baseConfigurationReference = 7B835DA04A12C40BFFC9ECBD /* Pods-Flix.release.xcconfig */;
			buildSettings = {
				ASSETCATALOG_COMPILER_APPICON_NAME = AppIcon;
				ASSETCATALOG_COMPILER_GLOBAL_ACCENT_COLOR_NAME = AccentColor;
				CODE_SIGN_STYLE = Automatic;
				DEVELOPMENT_TEAM = DLW9U63M3Y;
				INFOPLIST_FILE = Flix/Info.plist;
				LD_RUNPATH_SEARCH_PATHS = (
					"$(inherited)",
					"@executable_path/Frameworks",
				);
				PRODUCT_BUNDLE_IDENTIFIER = com.samuelsandoval.Flix;
				PRODUCT_NAME = "$(TARGET_NAME)";
				SWIFT_VERSION = 5.0;
				TARGETED_DEVICE_FAMILY = "1,2";
			};
			name = Release;
		};
		339D27DB25732CEE007C034B /* Debug */ = {
			isa = XCBuildConfiguration;
			baseConfigurationReference = 513F13F93008FAE1854DCEF4 /* Pods-FlixTests.debug.xcconfig */;
			buildSettings = {
				ALWAYS_EMBED_SWIFT_STANDARD_LIBRARIES = YES;
				BUNDLE_LOADER = "$(TEST_HOST)";
				CODE_SIGN_STYLE = Automatic;
				DEVELOPMENT_TEAM = DLW9U63M3Y;
				INFOPLIST_FILE = FlixTests/Info.plist;
				IPHONEOS_DEPLOYMENT_TARGET = 14.2;
				LD_RUNPATH_SEARCH_PATHS = (
					"$(inherited)",
					"@executable_path/Frameworks",
					"@loader_path/Frameworks",
				);
				PRODUCT_BUNDLE_IDENTIFIER = com.samuelsandoval.FlixTests;
				PRODUCT_NAME = "$(TARGET_NAME)";
				SWIFT_VERSION = 5.0;
				TARGETED_DEVICE_FAMILY = "1,2";
				TEST_HOST = "$(BUILT_PRODUCTS_DIR)/Flix.app/Flix";
			};
			name = Debug;
		};
		339D27DC25732CEE007C034B /* Release */ = {
			isa = XCBuildConfiguration;
			baseConfigurationReference = B25E99F40D9E8808BA9BD4BE /* Pods-FlixTests.release.xcconfig */;
			buildSettings = {
				ALWAYS_EMBED_SWIFT_STANDARD_LIBRARIES = YES;
				BUNDLE_LOADER = "$(TEST_HOST)";
				CODE_SIGN_STYLE = Automatic;
				DEVELOPMENT_TEAM = DLW9U63M3Y;
				INFOPLIST_FILE = FlixTests/Info.plist;
				IPHONEOS_DEPLOYMENT_TARGET = 14.2;
				LD_RUNPATH_SEARCH_PATHS = (
					"$(inherited)",
					"@executable_path/Frameworks",
					"@loader_path/Frameworks",
				);
				PRODUCT_BUNDLE_IDENTIFIER = com.samuelsandoval.FlixTests;
				PRODUCT_NAME = "$(TARGET_NAME)";
				SWIFT_VERSION = 5.0;
				TARGETED_DEVICE_FAMILY = "1,2";
				TEST_HOST = "$(BUILT_PRODUCTS_DIR)/Flix.app/Flix";
			};
			name = Release;
		};
		339D27DE25732CEE007C034B /* Debug */ = {
			isa = XCBuildConfiguration;
			baseConfigurationReference = B00F13E6E587EB8B694B4F84 /* Pods-Flix-FlixUITests.debug.xcconfig */;
			buildSettings = {
				ALWAYS_EMBED_SWIFT_STANDARD_LIBRARIES = YES;
				CODE_SIGN_STYLE = Automatic;
				DEVELOPMENT_TEAM = DLW9U63M3Y;
				INFOPLIST_FILE = FlixUITests/Info.plist;
				LD_RUNPATH_SEARCH_PATHS = (
					"$(inherited)",
					"@executable_path/Frameworks",
					"@loader_path/Frameworks",
				);
				PRODUCT_BUNDLE_IDENTIFIER = com.samuelsandoval.FlixUITests;
				PRODUCT_NAME = "$(TARGET_NAME)";
				SWIFT_VERSION = 5.0;
				TARGETED_DEVICE_FAMILY = "1,2";
				TEST_TARGET_NAME = Flix;
			};
			name = Debug;
		};
		339D27DF25732CEE007C034B /* Release */ = {
			isa = XCBuildConfiguration;
			baseConfigurationReference = 027164EBC1F9B55599A42FEB /* Pods-Flix-FlixUITests.release.xcconfig */;
			buildSettings = {
				ALWAYS_EMBED_SWIFT_STANDARD_LIBRARIES = YES;
				CODE_SIGN_STYLE = Automatic;
				DEVELOPMENT_TEAM = DLW9U63M3Y;
				INFOPLIST_FILE = FlixUITests/Info.plist;
				LD_RUNPATH_SEARCH_PATHS = (
					"$(inherited)",
					"@executable_path/Frameworks",
					"@loader_path/Frameworks",
				);
				PRODUCT_BUNDLE_IDENTIFIER = com.samuelsandoval.FlixUITests;
				PRODUCT_NAME = "$(TARGET_NAME)";
				SWIFT_VERSION = 5.0;
				TARGETED_DEVICE_FAMILY = "1,2";
				TEST_TARGET_NAME = Flix;
			};
			name = Release;
		};
/* End XCBuildConfiguration section */

/* Begin XCConfigurationList section */
		339D27A825732CE5007C034B /* Build configuration list for PBXProject "Flix" */ = {
			isa = XCConfigurationList;
			buildConfigurations = (
				339D27D525732CEE007C034B /* Debug */,
				339D27D625732CEE007C034B /* Release */,
			);
			defaultConfigurationIsVisible = 0;
			defaultConfigurationName = Release;
		};
		339D27D725732CEE007C034B /* Build configuration list for PBXNativeTarget "Flix" */ = {
			isa = XCConfigurationList;
			buildConfigurations = (
				339D27D825732CEE007C034B /* Debug */,
				339D27D925732CEE007C034B /* Release */,
			);
			defaultConfigurationIsVisible = 0;
			defaultConfigurationName = Release;
		};
		339D27DA25732CEE007C034B /* Build configuration list for PBXNativeTarget "FlixTests" */ = {
			isa = XCConfigurationList;
			buildConfigurations = (
				339D27DB25732CEE007C034B /* Debug */,
				339D27DC25732CEE007C034B /* Release */,
			);
			defaultConfigurationIsVisible = 0;
			defaultConfigurationName = Release;
		};
		339D27DD25732CEE007C034B /* Build configuration list for PBXNativeTarget "FlixUITests" */ = {
			isa = XCConfigurationList;
			buildConfigurations = (
				339D27DE25732CEE007C034B /* Debug */,
				339D27DF25732CEE007C034B /* Release */,
			);
			defaultConfigurationIsVisible = 0;
			defaultConfigurationName = Release;
		};
/* End XCConfigurationList section */
	};
	rootObject = 339D27A525732CE5007C034B /* Project object */;
}
